
Microsoft Visual Studio Solution File, Format Version 12.00
# Visual Studio Version 17
VisualStudioVersion = 17.4.33213.308
MinimumVisualStudioVersion = 10.0.40219.1
Project("{FAE04EC0-301F-11D3-BF4B-00C04F79EFBC}") = "Invoices", "Invoices\Invoices.csproj", "{1E4B5943-E512-4ED6-80C5-775558F3811B}"
EndProject
Global
	GlobalSection(SolutionConfigurationPlatforms) = preSolution
		Debug|Any CPU = Debug|Any CPU
		Release|Any CPU = Release|Any CPU
	EndGlobalSection
	GlobalSection(ProjectConfigurationPlatforms) = postSolution
		{1E4B5943-E512-4ED6-80C5-775558F3811B}.Debug|Any CPU.ActiveCfg = Debug|Any CPU
		{1E4B5943-E512-4ED6-80C5-775558F3811B}.Debug|Any CPU.Build.0 = Debug|Any CPU
		{1E4B5943-E512-4ED6-80C5-775558F3811B}.Release|Any CPU.ActiveCfg = Release|Any CPU
		{1E4B5943-E512-4ED6-80C5-775558F3811B}.Release|Any CPU.Build.0 = Release|Any CPU
	EndGlobalSection
	GlobalSection(SolutionProperties) = preSolution
		HideSolutionNode = FALSE
	EndGlobalSection
	GlobalSection(ExtensibilityGlobals) = postSolution
		SolutionGuid = {199537E7-5C3A-46AB-8D37-ECF6E69A7539}
	EndGlobalSection
EndGlobal
